<?xml version="1.0" encoding="utf-8"?>
<Project ToolsVersion="4.0" xmlns="http://schemas.microsoft.com/developer/msbuild/2003">
  <ItemGroup>
    <ClCompile Include="GameApp.cpp" />
    <ClCompile Include="main.cpp" />
    <ClCompile Include="stdafx.cpp" />
    <ClCompile Include="..\3rdparty\bullet\btLinearMathAll.cpp">
      <Filter>Bullet\Engine</Filter>
    </ClCompile>
    <ClCompile Include="..\3rdparty\bullet\btBulletCollisionAll.cpp">
      <Filter>Bullet\Engine</Filter>
    </ClCompile>
    <ClCompile Include="..\3rdparty\bullet\btBulletDynamicsAll.cpp">
      <Filter>Bullet\Engine</Filter>
    </ClCompile>
    <ClCompile Include="..\3rdparty\bullet\btLinearMathAll2.cpp">
      <Filter>Bullet\Engine</Filter>
    </ClCompile>
    <ClCompile Include="GameAppBullet.cpp">
      <Filter>Bullet</Filter>
    </ClCompile>
    <ClCompile Include="PhysicsSimulator.cpp">
      <Filter>Bullet\Framework</Filter>
    </ClCompile>
    <ClCompile Include="RigidBody.cpp">
      <Filter>Bullet\Framework</Filter>
    </ClCompile>
    <ClCompile Include="StaticPhysicsObject.cpp">
      <Filter>Bullet\Framework</Filter>
    </ClCompile>
    <ClCompile Include="PhysicsMaterial.cpp">
      <Filter>Bullet\Framework</Filter>
    </ClCompile>
    <ClCompile Include="PhysicsJoint.cpp">
      <Filter>Bullet\Framework</Filter>
    </ClCompile>
  </ItemGroup>
  <ItemGroup>
    <ClInclude Include="GameApp.h" />
    <ClInclude Include="stdafx.h" />
    <ClInclude Include="..\3rdparty\bullet\btBulletCollisionCommon.h">
      <Filter>Bullet\Engine</Filter>
    </ClInclude>
    <ClInclude Include="..\3rdparty\bullet\btBulletDynamicsCommon.h">
      <Filter>Bullet\Engine</Filter>
    </ClInclude>
    <ClInclude Include="GameAppBullet.h">
      <Filter>Bullet</Filter>
    </ClInclude>
    <ClInclude Include="PhysicsSimulator.h">
      <Filter>Bullet\Framework</Filter>
    </ClInclude>
    <ClInclude Include="RigidBody.h">
      <Filter>Bullet\Framework</Filter>
    </ClInclude>
    <ClInclude Include="StaticPhysicsObject.h">
      <Filter>Bullet\Framework</Filter>
    </ClInclude>
    <ClInclude Include="PhysicsMaterial.h">
      <Filter>Bullet\Framework</Filter>
    </ClInclude>
    <ClInclude Include="PhysicsJoint.h">
      <Filter>Bullet\Framework</Filter>
    </ClInclude>
    <ClInclude Include="BulletUtility.h">
      <Filter>Bullet\Framework</Filter>
    </ClInclude>
    <ClInclude Include="ShapeDesc.h">
      <Filter>Bullet\Framework</Filter>
    </ClInclude>
  </ItemGroup>
  <ItemGroup>
    <Filter Include="_DOC">
      <UniqueIdentifier>{53bc901f-8c04-4f53-a526-b2cce4f55d4d}</UniqueIdentifier>
    </Filter>
    <Filter Include="Bullet">
      <UniqueIdentifier>{3bff6fca-2607-41d1-8046-564ec43bba19}</UniqueIdentifier>
    </Filter>
    <Filter Include="Bullet\Engine">
      <UniqueIdentifier>{4ac260d8-503d-4424-bb41-ffa7f33c37bb}</UniqueIdentifier>
    </Filter>
    <Filter Include="Bullet\Framework">
      <UniqueIdentifier>{14dd4867-4111-4a4c-a1c8-46d91367deaa}</UniqueIdentifier>
    </Filter>
  </ItemGroup>
  <ItemGroup>
    <None Include="ref.md">
      <Filter>_DOC</Filter>
    </None>
  </ItemGroup>
</Project>